
Microsoft Visual Studio Solution File, Format Version 12.00
# Visual Studio 2012
Project("{FAE04EC0-301F-11D3-BF4B-00C04F79EFBC}") = "RemoteService", "RemoteService\RemoteService.csproj", "{F4968532-0AFB-484B-A0E5-9D365EB9ACD8}"
EndProject
Project("{FAE04EC0-301F-11D3-BF4B-00C04F79EFBC}") = "RemoteServiceApi", "RemoteServiceClient\RemoteServiceApi.csproj", "{3CA2BB56-8978-4A00-9445-211F416866E4}"
EndProject
Project("{FAE04EC0-301F-11D3-BF4B-00C04F79EFBC}") = "AppSimulator", "AppSimulator\AppSimulator.csproj", "{DF85D693-12E0-423E-9994-DBBE078FF68C}"
EndProject
Project("{FAE04EC0-301F-11D3-BF4B-00C04F79EFBC}") = "ServiceToken", "CreateServiceToken\ServiceToken.csproj", "{291F535D-D422-4796-BB20-33EDC11F788A}"
EndProject
Project("{930C7802-8A8C-48F9-8165-68863BCCD9DD}") = "RemoteServiceInstallWiX", "RemoteServiceInstallWiX\RemoteServiceInstallWiX.wixproj", "{51FD51E0-6DF6-422D-8D24-9E4F78A95D5F}"
	ProjectSection(ProjectDependencies) = postProject
		{F4968532-0AFB-484B-A0E5-9D365EB9ACD8} = {F4968532-0AFB-484B-A0E5-9D365EB9ACD8}
		{3CA2BB56-8978-4A00-9445-211F416866E4} = {3CA2BB56-8978-4A00-9445-211F416866E4}
		{5649B0FA-2319-431A-9DB1-36EBCFDEE9CF} = {5649B0FA-2319-431A-9DB1-36EBCFDEE9CF}
	EndProjectSection
EndProject
Project("{FAE04EC0-301F-11D3-BF4B-00C04F79EFBC}") = "RemoteServiceInstallWixCustom", "RemoteServiceInstallWixCustom\RemoteServiceInstallWixCustom.csproj", "{5649B0FA-2319-431A-9DB1-36EBCFDEE9CF}"
EndProject
Global
	GlobalSection(SolutionConfigurationPlatforms) = preSolution
		Debug|Any CPU = Debug|Any CPU
		Debug|Mixed Platforms = Debug|Mixed Platforms
		Debug|x86 = Debug|x86
		Release|Any CPU = Release|Any CPU
		Release|Mixed Platforms = Release|Mixed Platforms
		Release|x86 = Release|x86
	EndGlobalSection
	GlobalSection(ProjectConfigurationPlatforms) = postSolution
		{F4968532-0AFB-484B-A0E5-9D365EB9ACD8}.Debug|Any CPU.ActiveCfg = Debug|Any CPU
		{F4968532-0AFB-484B-A0E5-9D365EB9ACD8}.Debug|Any CPU.Build.0 = Debug|Any CPU
		{F4968532-0AFB-484B-A0E5-9D365EB9ACD8}.Debug|Mixed Platforms.ActiveCfg = Debug|x86
		{F4968532-0AFB-484B-A0E5-9D365EB9ACD8}.Debug|Mixed Platforms.Build.0 = Debug|x86
		{F4968532-0AFB-484B-A0E5-9D365EB9ACD8}.Debug|x86.ActiveCfg = Debug|x86
		{F4968532-0AFB-484B-A0E5-9D365EB9ACD8}.Debug|x86.Build.0 = Debug|x86
		{F4968532-0AFB-484B-A0E5-9D365EB9ACD8}.Release|Any CPU.ActiveCfg = Release|Any CPU
		{F4968532-0AFB-484B-A0E5-9D365EB9ACD8}.Release|Any CPU.Build.0 = Release|Any CPU
		{F4968532-0AFB-484B-A0E5-9D365EB9ACD8}.Release|Mixed Platforms.ActiveCfg = Release|x86
		{F4968532-0AFB-484B-A0E5-9D365EB9ACD8}.Release|Mixed Platforms.Build.0 = Release|x86
		{F4968532-0AFB-484B-A0E5-9D365EB9ACD8}.Release|x86.ActiveCfg = Release|x86
		{F4968532-0AFB-484B-A0E5-9D365EB9ACD8}.Release|x86.Build.0 = Release|x86
		{3CA2BB56-8978-4A00-9445-211F416866E4}.Debug|Any CPU.ActiveCfg = Debug|Any CPU
		{3CA2BB56-8978-4A00-9445-211F416866E4}.Debug|Any CPU.Build.0 = Debug|Any CPU
		{3CA2BB56-8978-4A00-9445-211F416866E4}.Debug|Mixed Platforms.ActiveCfg = Debug|x86
		{3CA2BB56-8978-4A00-9445-211F416866E4}.Debug|Mixed Platforms.Build.0 = Debug|x86
		{3CA2BB56-8978-4A00-9445-211F416866E4}.Debug|x86.ActiveCfg = Debug|x86
		{3CA2BB56-8978-4A00-9445-211F416866E4}.Release|Any CPU.ActiveCfg = Release|Any CPU
		{3CA2BB56-8978-4A00-9445-211F416866E4}.Release|Any CPU.Build.0 = Release|Any CPU
		{3CA2BB56-8978-4A00-9445-211F416866E4}.Release|Mixed Platforms.ActiveCfg = Release|x86
		{3CA2BB56-8978-4A00-9445-211F416866E4}.Release|Mixed Platforms.Build.0 = Release|x86
		{3CA2BB56-8978-4A00-9445-211F416866E4}.Release|x86.ActiveCfg = Release|x64
		{3CA2BB56-8978-4A00-9445-211F416866E4}.Release|x86.Build.0 = Release|x64
		{DF85D693-12E0-423E-9994-DBBE078FF68C}.Debug|Any CPU.ActiveCfg = Debug|Any CPU
		{DF85D693-12E0-423E-9994-DBBE078FF68C}.Debug|Any CPU.Build.0 = Debug|Any CPU
		{DF85D693-12E0-423E-9994-DBBE078FF68C}.Debug|Mixed Platforms.ActiveCfg = Debug|x86
		{DF85D693-12E0-423E-9994-DBBE078FF68C}.Debug|Mixed Platforms.Build.0 = Debug|x86
		{DF85D693-12E0-423E-9994-DBBE078FF68C}.Debug|x86.ActiveCfg = Debug|x86
		{DF85D693-12E0-423E-9994-DBBE078FF68C}.Debug|x86.Build.0 = Debug|x86
		{DF85D693-12E0-423E-9994-DBBE078FF68C}.Release|Any CPU.ActiveCfg = Release|Any CPU
		{DF85D693-12E0-423E-9994-DBBE078FF68C}.Release|Any CPU.Build.0 = Release|Any CPU
		{DF85D693-12E0-423E-9994-DBBE078FF68C}.Release|Mixed Platforms.ActiveCfg = Release|x86
		{DF85D693-12E0-423E-9994-DBBE078FF68C}.Release|Mixed Platforms.Build.0 = Release|x86
		{DF85D693-12E0-423E-9994-DBBE078FF68C}.Release|x86.ActiveCfg = Release|x86
		{DF85D693-12E0-423E-9994-DBBE078FF68C}.Release|x86.Build.0 = Release|x86
		{291F535D-D422-4796-BB20-33EDC11F788A}.Debug|Any CPU.ActiveCfg = Debug|Any CPU
		{291F535D-D422-4796-BB20-33EDC11F788A}.Debug|Any CPU.Build.0 = Debug|Any CPU
		{291F535D-D422-4796-BB20-33EDC11F788A}.Debug|Mixed Platforms.ActiveCfg = Debug|x86
		{291F535D-D422-4796-BB20-33EDC11F788A}.Debug|Mixed Platforms.Build.0 = Debug|x86
		{291F535D-D422-4796-BB20-33EDC11F788A}.Debug|x86.ActiveCfg = Debug|x86
		{291F535D-D422-4796-BB20-33EDC11F788A}.Debug|x86.Build.0 = Debug|x86
		{291F535D-D422-4796-BB20-33EDC11F788A}.Release|Any CPU.ActiveCfg = Release|Any CPU
		{291F535D-D422-4796-BB20-33EDC11F788A}.Release|Any CPU.Build.0 = Release|Any CPU
		{291F535D-D422-4796-BB20-33EDC11F788A}.Release|Mixed Platforms.ActiveCfg = Release|x86
		{291F535D-D422-4796-BB20-33EDC11F788A}.Release|Mixed Platforms.Build.0 = Release|x86
		{291F535D-D422-4796-BB20-33EDC11F788A}.Release|x86.ActiveCfg = Release|x86
		{291F535D-D422-4796-BB20-33EDC11F788A}.Release|x86.Build.0 = Release|x86
		{51FD51E0-6DF6-422D-8D24-9E4F78A95D5F}.Debug|Any CPU.ActiveCfg = Debug|x86
		{51FD51E0-6DF6-422D-8D24-9E4F78A95D5F}.Debug|Any CPU.Build.0 = Debug|x86
		{51FD51E0-6DF6-422D-8D24-9E4F78A95D5F}.Debug|Mixed Platforms.ActiveCfg = Debug|x86
		{51FD51E0-6DF6-422D-8D24-9E4F78A95D5F}.Debug|x86.ActiveCfg = Debug|x86
		{51FD51E0-6DF6-422D-8D24-9E4F78A95D5F}.Debug|x86.Build.0 = Debug|x86
		{51FD51E0-6DF6-422D-8D24-9E4F78A95D5F}.Release|Any CPU.ActiveCfg = Release|x86
		{51FD51E0-6DF6-422D-8D24-9E4F78A95D5F}.Release|Any CPU.Build.0 = Release|x86
		{51FD51E0-6DF6-422D-8D24-9E4F78A95D5F}.Release|Mixed Platforms.ActiveCfg = Release|x86
		{51FD51E0-6DF6-422D-8D24-9E4F78A95D5F}.Release|Mixed Platforms.Build.0 = Release|x86
		{51FD51E0-6DF6-422D-8D24-9E4F78A95D5F}.Release|x86.ActiveCfg = Release|x86
		{51FD51E0-6DF6-422D-8D24-9E4F78A95D5F}.Release|x86.Build.0 = Release|x86
		{5649B0FA-2319-431A-9DB1-36EBCFDEE9CF}.Debug|Any CPU.ActiveCfg = Debug|Any CPU
		{5649B0FA-2319-431A-9DB1-36EBCFDEE9CF}.Debug|Any CPU.Build.0 = Debug|Any CPU
		{5649B0FA-2319-431A-9DB1-36EBCFDEE9CF}.Debug|Mixed Platforms.ActiveCfg = Debug|x86
		{5649B0FA-2319-431A-9DB1-36EBCFDEE9CF}.Debug|Mixed Platforms.Build.0 = Debug|x86
		{5649B0FA-2319-431A-9DB1-36EBCFDEE9CF}.Debug|x86.ActiveCfg = Debug|x86
		{5649B0FA-2319-431A-9DB1-36EBCFDEE9CF}.Debug|x86.Build.0 = Debug|x86
		{5649B0FA-2319-431A-9DB1-36EBCFDEE9CF}.Release|Any CPU.ActiveCfg = Release|Any CPU
		{5649B0FA-2319-431A-9DB1-36EBCFDEE9CF}.Release|Any CPU.Build.0 = Release|Any CPU
		{5649B0FA-2319-431A-9DB1-36EBCFDEE9CF}.Release|Mixed Platforms.ActiveCfg = Release|x86
		{5649B0FA-2319-431A-9DB1-36EBCFDEE9CF}.Release|Mixed Platforms.Build.0 = Release|x86
		{5649B0FA-2319-431A-9DB1-36EBCFDEE9CF}.Release|x86.ActiveCfg = Release|x86
		{5649B0FA-2319-431A-9DB1-36EBCFDEE9CF}.Release|x86.Build.0 = Release|x86
	EndGlobalSection
	GlobalSection(SolutionProperties) = preSolution
		HideSolutionNode = FALSE
	EndGlobalSection
EndGlobal
