
Microsoft Visual Studio Solution File, Format Version 12.00
# Visual Studio Version 16
VisualStudioVersion = 16.0.29215.179
MinimumVisualStudioVersion = 10.0.40219.1
Project("{FAE04EC0-301F-11D3-BF4B-00C04F79EFBC}") = "RemoteService", "RemoteService\RemoteService.csproj", "{F4968532-0AFB-484B-A0E5-9D365EB9ACD8}"
EndProject
Project("{FAE04EC0-301F-11D3-BF4B-00C04F79EFBC}") = "RemoteServiceApi", "RemoteServiceClient\RemoteServiceApi.csproj", "{3CA2BB56-8978-4A00-9445-211F416866E4}"
EndProject
Project("{FAE04EC0-301F-11D3-BF4B-00C04F79EFBC}") = "AppSimulator", "AppSimulator\AppSimulator.csproj", "{DF85D693-12E0-423E-9994-DBBE078FF68C}"
EndProject
Project("{FAE04EC0-301F-11D3-BF4B-00C04F79EFBC}") = "ServiceToken", "CreateServiceToken\ServiceToken.csproj", "{291F535D-D422-4796-BB20-33EDC11F788A}"
EndProject
Project("{930C7802-8A8C-48F9-8165-68863BCCD9DD}") = "RemoteServiceInstallWiX", "RemoteServiceInstallWiX\RemoteServiceInstallWiX.wixproj", "{51FD51E0-6DF6-422D-8D24-9E4F78A95D5F}"
	ProjectSection(ProjectDependencies) = postProject
		{F4968532-0AFB-484B-A0E5-9D365EB9ACD8} = {F4968532-0AFB-484B-A0E5-9D365EB9ACD8}
		{3CA2BB56-8978-4A00-9445-211F416866E4} = {3CA2BB56-8978-4A00-9445-211F416866E4}
		{5649B0FA-2319-431A-9DB1-36EBCFDEE9CF} = {5649B0FA-2319-431A-9DB1-36EBCFDEE9CF}
	EndProjectSection
EndProject
Project("{FAE04EC0-301F-11D3-BF4B-00C04F79EFBC}") = "RemoteServiceInstallWixCustom", "RemoteServiceInstallWixCustom\RemoteServiceInstallWixCustom.csproj", "{5649B0FA-2319-431A-9DB1-36EBCFDEE9CF}"
EndProject
Project("{FAE04EC0-301F-11D3-BF4B-00C04F79EFBC}") = "Support_request_app", "Support_request_app\Support_request_app.csproj", "{E8A16196-9BF0-40F8-BB50-18D33B521C48}"
EndProject
Project("{FAE04EC0-301F-11D3-BF4B-00C04F79EFBC}") = "Interfaces", "Interfaces\Interfaces.csproj", "{50AF1E57-AC3B-4C51-BC5C-3057893D4A30}"
EndProject
Project("{FAE04EC0-301F-11D3-BF4B-00C04F79EFBC}") = "Logging", "Logging\Logging.csproj", "{7ACA1D53-53C5-4D82-BC1F-E47F542E2BAE}"
EndProject
Project("{FAE04EC0-301F-11D3-BF4B-00C04F79EFBC}") = "Script_Create", "Script_Create\Script_Create.csproj", "{BDB7B544-9A3A-4848-8DCB-9084B6BEA0C7}"
EndProject
Project("{FAE04EC0-301F-11D3-BF4B-00C04F79EFBC}") = "COM", "COM\COM.csproj", "{27D77F5B-E364-4C38-9D7E-4D121FFC5916}"
EndProject
Project("{8BC9CEB8-8B4A-11D0-8D11-00A0C91BC942}") = "MFC_Consumer", "MFC_Consumer\MFC_Consumer.vcxproj", "{79FB22A1-E4D0-4F30-9DE4-B824680FBB88}"
EndProject
Project("{FAE04EC0-301F-11D3-BF4B-00C04F79EFBC}") = "RegisterToGAC", "RegisterToGAC\RegisterToGAC.csproj", "{168B1D50-4EBD-4431-9046-0F220ADA2691}"
EndProject
Project("{FAE04EC0-301F-11D3-BF4B-00C04F79EFBC}") = "LicenseApi", "LicenseApi\LicenseApi.csproj", "{67B4C3EB-882C-4405-A6B7-332BC6B5E3E5}"
EndProject
Project("{8BC9CEB8-8B4A-11D0-8D11-00A0C91BC942}") = "Native_Consumer", "NAtive_Consumer\NAtive_Consumer.vcxproj", "{DE1D12AE-A92A-4D99-8CD9-8B16FB57C478}"
EndProject
Global
	GlobalSection(SolutionConfigurationPlatforms) = preSolution
		Debug|Any CPU = Debug|Any CPU
		Debug|Mixed Platforms = Debug|Mixed Platforms
		Debug|x64 = Debug|x64
		Debug|x86 = Debug|x86
		Release_With_logs|Any CPU = Release_With_logs|Any CPU
		Release_With_logs|Mixed Platforms = Release_With_logs|Mixed Platforms
		Release_With_logs|x64 = Release_With_logs|x64
		Release_With_logs|x86 = Release_With_logs|x86
		Release|Any CPU = Release|Any CPU
		Release|Mixed Platforms = Release|Mixed Platforms
		Release|x64 = Release|x64
		Release|x86 = Release|x86
	EndGlobalSection
	GlobalSection(ProjectConfigurationPlatforms) = postSolution
		{F4968532-0AFB-484B-A0E5-9D365EB9ACD8}.Debug|Any CPU.ActiveCfg = Debug|Any CPU
		{F4968532-0AFB-484B-A0E5-9D365EB9ACD8}.Debug|Any CPU.Build.0 = Debug|Any CPU
		{F4968532-0AFB-484B-A0E5-9D365EB9ACD8}.Debug|Mixed Platforms.ActiveCfg = Debug|x86
		{F4968532-0AFB-484B-A0E5-9D365EB9ACD8}.Debug|Mixed Platforms.Build.0 = Debug|x86
		{F4968532-0AFB-484B-A0E5-9D365EB9ACD8}.Debug|x64.ActiveCfg = Debug|Any CPU
		{F4968532-0AFB-484B-A0E5-9D365EB9ACD8}.Debug|x64.Build.0 = Debug|Any CPU
		{F4968532-0AFB-484B-A0E5-9D365EB9ACD8}.Debug|x86.ActiveCfg = Debug|x86
		{F4968532-0AFB-484B-A0E5-9D365EB9ACD8}.Debug|x86.Build.0 = Debug|x86
		{F4968532-0AFB-484B-A0E5-9D365EB9ACD8}.Release_With_logs|Any CPU.ActiveCfg = Release|Any CPU
		{F4968532-0AFB-484B-A0E5-9D365EB9ACD8}.Release_With_logs|Any CPU.Build.0 = Release|Any CPU
		{F4968532-0AFB-484B-A0E5-9D365EB9ACD8}.Release_With_logs|Mixed Platforms.ActiveCfg = Release|x86
		{F4968532-0AFB-484B-A0E5-9D365EB9ACD8}.Release_With_logs|Mixed Platforms.Build.0 = Release|x86
		{F4968532-0AFB-484B-A0E5-9D365EB9ACD8}.Release_With_logs|x64.ActiveCfg = Release|Any CPU
		{F4968532-0AFB-484B-A0E5-9D365EB9ACD8}.Release_With_logs|x64.Build.0 = Release|Any CPU
		{F4968532-0AFB-484B-A0E5-9D365EB9ACD8}.Release_With_logs|x86.ActiveCfg = Release|x86
		{F4968532-0AFB-484B-A0E5-9D365EB9ACD8}.Release_With_logs|x86.Build.0 = Release|x86
		{F4968532-0AFB-484B-A0E5-9D365EB9ACD8}.Release|Any CPU.ActiveCfg = Release|Any CPU
		{F4968532-0AFB-484B-A0E5-9D365EB9ACD8}.Release|Any CPU.Build.0 = Release|Any CPU
		{F4968532-0AFB-484B-A0E5-9D365EB9ACD8}.Release|Mixed Platforms.ActiveCfg = Release|x86
		{F4968532-0AFB-484B-A0E5-9D365EB9ACD8}.Release|Mixed Platforms.Build.0 = Release|x86
		{F4968532-0AFB-484B-A0E5-9D365EB9ACD8}.Release|x64.ActiveCfg = Release|Any CPU
		{F4968532-0AFB-484B-A0E5-9D365EB9ACD8}.Release|x64.Build.0 = Release|Any CPU
		{F4968532-0AFB-484B-A0E5-9D365EB9ACD8}.Release|x86.ActiveCfg = Release|x86
		{F4968532-0AFB-484B-A0E5-9D365EB9ACD8}.Release|x86.Build.0 = Release|x86
		{3CA2BB56-8978-4A00-9445-211F416866E4}.Debug|Any CPU.ActiveCfg = Debug|Any CPU
		{3CA2BB56-8978-4A00-9445-211F416866E4}.Debug|Any CPU.Build.0 = Debug|Any CPU
		{3CA2BB56-8978-4A00-9445-211F416866E4}.Debug|Mixed Platforms.ActiveCfg = Debug|x86
		{3CA2BB56-8978-4A00-9445-211F416866E4}.Debug|Mixed Platforms.Build.0 = Debug|x86
		{3CA2BB56-8978-4A00-9445-211F416866E4}.Debug|x64.ActiveCfg = Debug|x64
		{3CA2BB56-8978-4A00-9445-211F416866E4}.Debug|x64.Build.0 = Debug|x64
		{3CA2BB56-8978-4A00-9445-211F416866E4}.Debug|x86.ActiveCfg = Debug|x86
		{3CA2BB56-8978-4A00-9445-211F416866E4}.Debug|x86.Build.0 = Debug|x86
		{3CA2BB56-8978-4A00-9445-211F416866E4}.Release_With_logs|Any CPU.ActiveCfg = Release|Any CPU
		{3CA2BB56-8978-4A00-9445-211F416866E4}.Release_With_logs|Any CPU.Build.0 = Release|Any CPU
		{3CA2BB56-8978-4A00-9445-211F416866E4}.Release_With_logs|Mixed Platforms.ActiveCfg = Release|x86
		{3CA2BB56-8978-4A00-9445-211F416866E4}.Release_With_logs|Mixed Platforms.Build.0 = Release|x86
		{3CA2BB56-8978-4A00-9445-211F416866E4}.Release_With_logs|x64.ActiveCfg = Release|x64
		{3CA2BB56-8978-4A00-9445-211F416866E4}.Release_With_logs|x64.Build.0 = Release|x64
		{3CA2BB56-8978-4A00-9445-211F416866E4}.Release_With_logs|x86.ActiveCfg = Release|x86
		{3CA2BB56-8978-4A00-9445-211F416866E4}.Release_With_logs|x86.Build.0 = Release|x86
		{3CA2BB56-8978-4A00-9445-211F416866E4}.Release|Any CPU.ActiveCfg = Release|Any CPU
		{3CA2BB56-8978-4A00-9445-211F416866E4}.Release|Any CPU.Build.0 = Release|Any CPU
		{3CA2BB56-8978-4A00-9445-211F416866E4}.Release|Mixed Platforms.ActiveCfg = Release|x86
		{3CA2BB56-8978-4A00-9445-211F416866E4}.Release|Mixed Platforms.Build.0 = Release|x86
		{3CA2BB56-8978-4A00-9445-211F416866E4}.Release|x64.ActiveCfg = Release|x64
		{3CA2BB56-8978-4A00-9445-211F416866E4}.Release|x64.Build.0 = Release|x64
		{3CA2BB56-8978-4A00-9445-211F416866E4}.Release|x86.ActiveCfg = Release|x64
		{3CA2BB56-8978-4A00-9445-211F416866E4}.Release|x86.Build.0 = Release|x64
		{DF85D693-12E0-423E-9994-DBBE078FF68C}.Debug|Any CPU.ActiveCfg = Debug|Any CPU
		{DF85D693-12E0-423E-9994-DBBE078FF68C}.Debug|Any CPU.Build.0 = Debug|Any CPU
		{DF85D693-12E0-423E-9994-DBBE078FF68C}.Debug|Mixed Platforms.ActiveCfg = Debug|x86
		{DF85D693-12E0-423E-9994-DBBE078FF68C}.Debug|Mixed Platforms.Build.0 = Debug|x86
		{DF85D693-12E0-423E-9994-DBBE078FF68C}.Debug|x64.ActiveCfg = Debug|Any CPU
		{DF85D693-12E0-423E-9994-DBBE078FF68C}.Debug|x86.ActiveCfg = Debug|x86
		{DF85D693-12E0-423E-9994-DBBE078FF68C}.Debug|x86.Build.0 = Debug|x86
		{DF85D693-12E0-423E-9994-DBBE078FF68C}.Release_With_logs|Any CPU.ActiveCfg = Release|Any CPU
		{DF85D693-12E0-423E-9994-DBBE078FF68C}.Release_With_logs|Mixed Platforms.ActiveCfg = Release|x86
		{DF85D693-12E0-423E-9994-DBBE078FF68C}.Release_With_logs|x64.ActiveCfg = Release|Any CPU
		{DF85D693-12E0-423E-9994-DBBE078FF68C}.Release_With_logs|x86.ActiveCfg = Release|x86
		{DF85D693-12E0-423E-9994-DBBE078FF68C}.Release|Any CPU.ActiveCfg = Release|Any CPU
		{DF85D693-12E0-423E-9994-DBBE078FF68C}.Release|Any CPU.Build.0 = Release|Any CPU
		{DF85D693-12E0-423E-9994-DBBE078FF68C}.Release|Mixed Platforms.ActiveCfg = Release|x86
		{DF85D693-12E0-423E-9994-DBBE078FF68C}.Release|Mixed Platforms.Build.0 = Release|x86
		{DF85D693-12E0-423E-9994-DBBE078FF68C}.Release|x64.ActiveCfg = Release|Any CPU
		{DF85D693-12E0-423E-9994-DBBE078FF68C}.Release|x86.ActiveCfg = Release|x86
		{DF85D693-12E0-423E-9994-DBBE078FF68C}.Release|x86.Build.0 = Release|x86
		{291F535D-D422-4796-BB20-33EDC11F788A}.Debug|Any CPU.ActiveCfg = Debug|Any CPU
		{291F535D-D422-4796-BB20-33EDC11F788A}.Debug|Any CPU.Build.0 = Debug|Any CPU
		{291F535D-D422-4796-BB20-33EDC11F788A}.Debug|Mixed Platforms.ActiveCfg = Debug|x86
		{291F535D-D422-4796-BB20-33EDC11F788A}.Debug|Mixed Platforms.Build.0 = Debug|x86
		{291F535D-D422-4796-BB20-33EDC11F788A}.Debug|x64.ActiveCfg = Debug|Any CPU
		{291F535D-D422-4796-BB20-33EDC11F788A}.Debug|x64.Build.0 = Debug|Any CPU
		{291F535D-D422-4796-BB20-33EDC11F788A}.Debug|x86.ActiveCfg = Debug|x86
		{291F535D-D422-4796-BB20-33EDC11F788A}.Debug|x86.Build.0 = Debug|x86
		{291F535D-D422-4796-BB20-33EDC11F788A}.Release_With_logs|Any CPU.ActiveCfg = Release|Any CPU
		{291F535D-D422-4796-BB20-33EDC11F788A}.Release_With_logs|Any CPU.Build.0 = Release|Any CPU
		{291F535D-D422-4796-BB20-33EDC11F788A}.Release_With_logs|Mixed Platforms.ActiveCfg = Release|x86
		{291F535D-D422-4796-BB20-33EDC11F788A}.Release_With_logs|Mixed Platforms.Build.0 = Release|x86
		{291F535D-D422-4796-BB20-33EDC11F788A}.Release_With_logs|x64.ActiveCfg = Release|Any CPU
		{291F535D-D422-4796-BB20-33EDC11F788A}.Release_With_logs|x64.Build.0 = Release|Any CPU
		{291F535D-D422-4796-BB20-33EDC11F788A}.Release_With_logs|x86.ActiveCfg = Release|x86
		{291F535D-D422-4796-BB20-33EDC11F788A}.Release_With_logs|x86.Build.0 = Release|x86
		{291F535D-D422-4796-BB20-33EDC11F788A}.Release|Any CPU.ActiveCfg = Release|Any CPU
		{291F535D-D422-4796-BB20-33EDC11F788A}.Release|Any CPU.Build.0 = Release|Any CPU
		{291F535D-D422-4796-BB20-33EDC11F788A}.Release|Mixed Platforms.ActiveCfg = Release|x86
		{291F535D-D422-4796-BB20-33EDC11F788A}.Release|Mixed Platforms.Build.0 = Release|x86
		{291F535D-D422-4796-BB20-33EDC11F788A}.Release|x64.ActiveCfg = Release|Any CPU
		{291F535D-D422-4796-BB20-33EDC11F788A}.Release|x64.Build.0 = Release|Any CPU
		{291F535D-D422-4796-BB20-33EDC11F788A}.Release|x86.ActiveCfg = Release|x86
		{291F535D-D422-4796-BB20-33EDC11F788A}.Release|x86.Build.0 = Release|x86
		{51FD51E0-6DF6-422D-8D24-9E4F78A95D5F}.Debug|Any CPU.ActiveCfg = Debug|x86
		{51FD51E0-6DF6-422D-8D24-9E4F78A95D5F}.Debug|Any CPU.Build.0 = Debug|x86
		{51FD51E0-6DF6-422D-8D24-9E4F78A95D5F}.Debug|Mixed Platforms.ActiveCfg = Debug|x86
		{51FD51E0-6DF6-422D-8D24-9E4F78A95D5F}.Debug|x64.ActiveCfg = Debug|x86
		{51FD51E0-6DF6-422D-8D24-9E4F78A95D5F}.Debug|x86.ActiveCfg = Debug|x86
		{51FD51E0-6DF6-422D-8D24-9E4F78A95D5F}.Debug|x86.Build.0 = Debug|x86
		{51FD51E0-6DF6-422D-8D24-9E4F78A95D5F}.Release_With_logs|Any CPU.ActiveCfg = Release|x86
		{51FD51E0-6DF6-422D-8D24-9E4F78A95D5F}.Release_With_logs|Mixed Platforms.ActiveCfg = Release|x86
		{51FD51E0-6DF6-422D-8D24-9E4F78A95D5F}.Release_With_logs|x64.ActiveCfg = Release|x86
		{51FD51E0-6DF6-422D-8D24-9E4F78A95D5F}.Release_With_logs|x86.ActiveCfg = Release|x86
		{51FD51E0-6DF6-422D-8D24-9E4F78A95D5F}.Release|Any CPU.ActiveCfg = Release|x86
		{51FD51E0-6DF6-422D-8D24-9E4F78A95D5F}.Release|Any CPU.Build.0 = Release|x86
		{51FD51E0-6DF6-422D-8D24-9E4F78A95D5F}.Release|Mixed Platforms.ActiveCfg = Release|x86
		{51FD51E0-6DF6-422D-8D24-9E4F78A95D5F}.Release|Mixed Platforms.Build.0 = Release|x86
		{51FD51E0-6DF6-422D-8D24-9E4F78A95D5F}.Release|x64.ActiveCfg = Release|x86
		{51FD51E0-6DF6-422D-8D24-9E4F78A95D5F}.Release|x86.ActiveCfg = Release|x86
		{51FD51E0-6DF6-422D-8D24-9E4F78A95D5F}.Release|x86.Build.0 = Release|x86
		{5649B0FA-2319-431A-9DB1-36EBCFDEE9CF}.Debug|Any CPU.ActiveCfg = Debug|Any CPU
		{5649B0FA-2319-431A-9DB1-36EBCFDEE9CF}.Debug|Any CPU.Build.0 = Debug|Any CPU
		{5649B0FA-2319-431A-9DB1-36EBCFDEE9CF}.Debug|Mixed Platforms.ActiveCfg = Debug|x86
		{5649B0FA-2319-431A-9DB1-36EBCFDEE9CF}.Debug|Mixed Platforms.Build.0 = Debug|x86
		{5649B0FA-2319-431A-9DB1-36EBCFDEE9CF}.Debug|x64.ActiveCfg = Debug|Any CPU
		{5649B0FA-2319-431A-9DB1-36EBCFDEE9CF}.Debug|x86.ActiveCfg = Debug|x86
		{5649B0FA-2319-431A-9DB1-36EBCFDEE9CF}.Debug|x86.Build.0 = Debug|x86
		{5649B0FA-2319-431A-9DB1-36EBCFDEE9CF}.Release_With_logs|Any CPU.ActiveCfg = Release|Any CPU
		{5649B0FA-2319-431A-9DB1-36EBCFDEE9CF}.Release_With_logs|Mixed Platforms.ActiveCfg = Release|x86
		{5649B0FA-2319-431A-9DB1-36EBCFDEE9CF}.Release_With_logs|x64.ActiveCfg = Release|Any CPU
		{5649B0FA-2319-431A-9DB1-36EBCFDEE9CF}.Release_With_logs|x86.ActiveCfg = Release|x86
		{5649B0FA-2319-431A-9DB1-36EBCFDEE9CF}.Release|Any CPU.ActiveCfg = Release|Any CPU
		{5649B0FA-2319-431A-9DB1-36EBCFDEE9CF}.Release|Any CPU.Build.0 = Release|Any CPU
		{5649B0FA-2319-431A-9DB1-36EBCFDEE9CF}.Release|Mixed Platforms.ActiveCfg = Release|x86
		{5649B0FA-2319-431A-9DB1-36EBCFDEE9CF}.Release|Mixed Platforms.Build.0 = Release|x86
		{5649B0FA-2319-431A-9DB1-36EBCFDEE9CF}.Release|x64.ActiveCfg = Release|Any CPU
		{5649B0FA-2319-431A-9DB1-36EBCFDEE9CF}.Release|x86.ActiveCfg = Release|x86
		{5649B0FA-2319-431A-9DB1-36EBCFDEE9CF}.Release|x86.Build.0 = Release|x86
		{E8A16196-9BF0-40F8-BB50-18D33B521C48}.Debug|Any CPU.ActiveCfg = Debug|Any CPU
		{E8A16196-9BF0-40F8-BB50-18D33B521C48}.Debug|Any CPU.Build.0 = Debug|Any CPU
		{E8A16196-9BF0-40F8-BB50-18D33B521C48}.Debug|Mixed Platforms.ActiveCfg = Debug|Any CPU
		{E8A16196-9BF0-40F8-BB50-18D33B521C48}.Debug|Mixed Platforms.Build.0 = Debug|Any CPU
		{E8A16196-9BF0-40F8-BB50-18D33B521C48}.Debug|x64.ActiveCfg = Debug|Any CPU
		{E8A16196-9BF0-40F8-BB50-18D33B521C48}.Debug|x64.Build.0 = Debug|Any CPU
		{E8A16196-9BF0-40F8-BB50-18D33B521C48}.Debug|x86.ActiveCfg = Debug|Any CPU
		{E8A16196-9BF0-40F8-BB50-18D33B521C48}.Debug|x86.Build.0 = Debug|Any CPU
		{E8A16196-9BF0-40F8-BB50-18D33B521C48}.Release_With_logs|Any CPU.ActiveCfg = Release|Any CPU
		{E8A16196-9BF0-40F8-BB50-18D33B521C48}.Release_With_logs|Any CPU.Build.0 = Release|Any CPU
		{E8A16196-9BF0-40F8-BB50-18D33B521C48}.Release_With_logs|Mixed Platforms.ActiveCfg = Release|Any CPU
		{E8A16196-9BF0-40F8-BB50-18D33B521C48}.Release_With_logs|Mixed Platforms.Build.0 = Release|Any CPU
		{E8A16196-9BF0-40F8-BB50-18D33B521C48}.Release_With_logs|x64.ActiveCfg = Release|Any CPU
		{E8A16196-9BF0-40F8-BB50-18D33B521C48}.Release_With_logs|x64.Build.0 = Release|Any CPU
		{E8A16196-9BF0-40F8-BB50-18D33B521C48}.Release_With_logs|x86.ActiveCfg = Release|Any CPU
		{E8A16196-9BF0-40F8-BB50-18D33B521C48}.Release_With_logs|x86.Build.0 = Release|Any CPU
		{E8A16196-9BF0-40F8-BB50-18D33B521C48}.Release|Any CPU.ActiveCfg = Release|Any CPU
		{E8A16196-9BF0-40F8-BB50-18D33B521C48}.Release|Any CPU.Build.0 = Release|Any CPU
		{E8A16196-9BF0-40F8-BB50-18D33B521C48}.Release|Mixed Platforms.ActiveCfg = Release|Any CPU
		{E8A16196-9BF0-40F8-BB50-18D33B521C48}.Release|Mixed Platforms.Build.0 = Release|Any CPU
		{E8A16196-9BF0-40F8-BB50-18D33B521C48}.Release|x64.ActiveCfg = Release|Any CPU
		{E8A16196-9BF0-40F8-BB50-18D33B521C48}.Release|x64.Build.0 = Release|Any CPU
		{E8A16196-9BF0-40F8-BB50-18D33B521C48}.Release|x86.ActiveCfg = Release|Any CPU
		{E8A16196-9BF0-40F8-BB50-18D33B521C48}.Release|x86.Build.0 = Release|Any CPU
		{50AF1E57-AC3B-4C51-BC5C-3057893D4A30}.Debug|Any CPU.ActiveCfg = Debug|Any CPU
		{50AF1E57-AC3B-4C51-BC5C-3057893D4A30}.Debug|Any CPU.Build.0 = Debug|Any CPU
		{50AF1E57-AC3B-4C51-BC5C-3057893D4A30}.Debug|Mixed Platforms.ActiveCfg = Debug|Any CPU
		{50AF1E57-AC3B-4C51-BC5C-3057893D4A30}.Debug|Mixed Platforms.Build.0 = Debug|Any CPU
		{50AF1E57-AC3B-4C51-BC5C-3057893D4A30}.Debug|x64.ActiveCfg = Debug|Any CPU
		{50AF1E57-AC3B-4C51-BC5C-3057893D4A30}.Debug|x64.Build.0 = Debug|Any CPU
		{50AF1E57-AC3B-4C51-BC5C-3057893D4A30}.Debug|x86.ActiveCfg = Debug|Any CPU
		{50AF1E57-AC3B-4C51-BC5C-3057893D4A30}.Debug|x86.Build.0 = Debug|Any CPU
		{50AF1E57-AC3B-4C51-BC5C-3057893D4A30}.Release_With_logs|Any CPU.ActiveCfg = Release|Any CPU
		{50AF1E57-AC3B-4C51-BC5C-3057893D4A30}.Release_With_logs|Any CPU.Build.0 = Release|Any CPU
		{50AF1E57-AC3B-4C51-BC5C-3057893D4A30}.Release_With_logs|Mixed Platforms.ActiveCfg = Release|Any CPU
		{50AF1E57-AC3B-4C51-BC5C-3057893D4A30}.Release_With_logs|Mixed Platforms.Build.0 = Release|Any CPU
		{50AF1E57-AC3B-4C51-BC5C-3057893D4A30}.Release_With_logs|x64.ActiveCfg = Release|Any CPU
		{50AF1E57-AC3B-4C51-BC5C-3057893D4A30}.Release_With_logs|x64.Build.0 = Release|Any CPU
		{50AF1E57-AC3B-4C51-BC5C-3057893D4A30}.Release_With_logs|x86.ActiveCfg = Release|Any CPU
		{50AF1E57-AC3B-4C51-BC5C-3057893D4A30}.Release_With_logs|x86.Build.0 = Release|Any CPU
		{50AF1E57-AC3B-4C51-BC5C-3057893D4A30}.Release|Any CPU.ActiveCfg = Release|Any CPU
		{50AF1E57-AC3B-4C51-BC5C-3057893D4A30}.Release|Any CPU.Build.0 = Release|Any CPU
		{50AF1E57-AC3B-4C51-BC5C-3057893D4A30}.Release|Mixed Platforms.ActiveCfg = Release|Any CPU
		{50AF1E57-AC3B-4C51-BC5C-3057893D4A30}.Release|Mixed Platforms.Build.0 = Release|Any CPU
		{50AF1E57-AC3B-4C51-BC5C-3057893D4A30}.Release|x64.ActiveCfg = Release|Any CPU
		{50AF1E57-AC3B-4C51-BC5C-3057893D4A30}.Release|x64.Build.0 = Release|Any CPU
		{50AF1E57-AC3B-4C51-BC5C-3057893D4A30}.Release|x86.ActiveCfg = Release|Any CPU
		{50AF1E57-AC3B-4C51-BC5C-3057893D4A30}.Release|x86.Build.0 = Release|Any CPU
		{7ACA1D53-53C5-4D82-BC1F-E47F542E2BAE}.Debug|Any CPU.ActiveCfg = Debug|Any CPU
		{7ACA1D53-53C5-4D82-BC1F-E47F542E2BAE}.Debug|Any CPU.Build.0 = Debug|Any CPU
		{7ACA1D53-53C5-4D82-BC1F-E47F542E2BAE}.Debug|Mixed Platforms.ActiveCfg = Debug|x86
		{7ACA1D53-53C5-4D82-BC1F-E47F542E2BAE}.Debug|Mixed Platforms.Build.0 = Debug|x86
		{7ACA1D53-53C5-4D82-BC1F-E47F542E2BAE}.Debug|x64.ActiveCfg = Debug|x64
		{7ACA1D53-53C5-4D82-BC1F-E47F542E2BAE}.Debug|x64.Build.0 = Debug|x64
		{7ACA1D53-53C5-4D82-BC1F-E47F542E2BAE}.Debug|x86.ActiveCfg = Debug|x86
		{7ACA1D53-53C5-4D82-BC1F-E47F542E2BAE}.Debug|x86.Build.0 = Debug|x86
		{7ACA1D53-53C5-4D82-BC1F-E47F542E2BAE}.Release_With_logs|Any CPU.ActiveCfg = Release|Any CPU
		{7ACA1D53-53C5-4D82-BC1F-E47F542E2BAE}.Release_With_logs|Any CPU.Build.0 = Release|Any CPU
		{7ACA1D53-53C5-4D82-BC1F-E47F542E2BAE}.Release_With_logs|Mixed Platforms.ActiveCfg = Release|x86
		{7ACA1D53-53C5-4D82-BC1F-E47F542E2BAE}.Release_With_logs|Mixed Platforms.Build.0 = Release|x86
		{7ACA1D53-53C5-4D82-BC1F-E47F542E2BAE}.Release_With_logs|x64.ActiveCfg = Release|x64
		{7ACA1D53-53C5-4D82-BC1F-E47F542E2BAE}.Release_With_logs|x64.Build.0 = Release|x64
		{7ACA1D53-53C5-4D82-BC1F-E47F542E2BAE}.Release_With_logs|x86.ActiveCfg = Release|x86
		{7ACA1D53-53C5-4D82-BC1F-E47F542E2BAE}.Release_With_logs|x86.Build.0 = Release|x86
		{7ACA1D53-53C5-4D82-BC1F-E47F542E2BAE}.Release|Any CPU.ActiveCfg = Release|Any CPU
		{7ACA1D53-53C5-4D82-BC1F-E47F542E2BAE}.Release|Any CPU.Build.0 = Release|Any CPU
		{7ACA1D53-53C5-4D82-BC1F-E47F542E2BAE}.Release|Mixed Platforms.ActiveCfg = Release|x86
		{7ACA1D53-53C5-4D82-BC1F-E47F542E2BAE}.Release|Mixed Platforms.Build.0 = Release|x86
		{7ACA1D53-53C5-4D82-BC1F-E47F542E2BAE}.Release|x64.ActiveCfg = Release|x64
		{7ACA1D53-53C5-4D82-BC1F-E47F542E2BAE}.Release|x64.Build.0 = Release|x64
		{7ACA1D53-53C5-4D82-BC1F-E47F542E2BAE}.Release|x86.ActiveCfg = Release|x86
		{7ACA1D53-53C5-4D82-BC1F-E47F542E2BAE}.Release|x86.Build.0 = Release|x86
		{BDB7B544-9A3A-4848-8DCB-9084B6BEA0C7}.Debug|Any CPU.ActiveCfg = Debug|Any CPU
		{BDB7B544-9A3A-4848-8DCB-9084B6BEA0C7}.Debug|Any CPU.Build.0 = Debug|Any CPU
		{BDB7B544-9A3A-4848-8DCB-9084B6BEA0C7}.Debug|Mixed Platforms.ActiveCfg = Debug|Any CPU
		{BDB7B544-9A3A-4848-8DCB-9084B6BEA0C7}.Debug|Mixed Platforms.Build.0 = Debug|Any CPU
		{BDB7B544-9A3A-4848-8DCB-9084B6BEA0C7}.Debug|x64.ActiveCfg = Debug|Any CPU
		{BDB7B544-9A3A-4848-8DCB-9084B6BEA0C7}.Debug|x64.Build.0 = Debug|Any CPU
		{BDB7B544-9A3A-4848-8DCB-9084B6BEA0C7}.Debug|x86.ActiveCfg = Debug|Any CPU
		{BDB7B544-9A3A-4848-8DCB-9084B6BEA0C7}.Debug|x86.Build.0 = Debug|Any CPU
		{BDB7B544-9A3A-4848-8DCB-9084B6BEA0C7}.Release_With_logs|Any CPU.ActiveCfg = Release|Any CPU
		{BDB7B544-9A3A-4848-8DCB-9084B6BEA0C7}.Release_With_logs|Any CPU.Build.0 = Release|Any CPU
		{BDB7B544-9A3A-4848-8DCB-9084B6BEA0C7}.Release_With_logs|Mixed Platforms.ActiveCfg = Release|Any CPU
		{BDB7B544-9A3A-4848-8DCB-9084B6BEA0C7}.Release_With_logs|Mixed Platforms.Build.0 = Release|Any CPU
		{BDB7B544-9A3A-4848-8DCB-9084B6BEA0C7}.Release_With_logs|x64.ActiveCfg = Release|Any CPU
		{BDB7B544-9A3A-4848-8DCB-9084B6BEA0C7}.Release_With_logs|x64.Build.0 = Release|Any CPU
		{BDB7B544-9A3A-4848-8DCB-9084B6BEA0C7}.Release_With_logs|x86.ActiveCfg = Release|Any CPU
		{BDB7B544-9A3A-4848-8DCB-9084B6BEA0C7}.Release_With_logs|x86.Build.0 = Release|Any CPU
		{BDB7B544-9A3A-4848-8DCB-9084B6BEA0C7}.Release|Any CPU.ActiveCfg = Release|Any CPU
		{BDB7B544-9A3A-4848-8DCB-9084B6BEA0C7}.Release|Any CPU.Build.0 = Release|Any CPU
		{BDB7B544-9A3A-4848-8DCB-9084B6BEA0C7}.Release|Mixed Platforms.ActiveCfg = Release|Any CPU
		{BDB7B544-9A3A-4848-8DCB-9084B6BEA0C7}.Release|Mixed Platforms.Build.0 = Release|Any CPU
		{BDB7B544-9A3A-4848-8DCB-9084B6BEA0C7}.Release|x64.ActiveCfg = Release|Any CPU
		{BDB7B544-9A3A-4848-8DCB-9084B6BEA0C7}.Release|x64.Build.0 = Release|Any CPU
		{BDB7B544-9A3A-4848-8DCB-9084B6BEA0C7}.Release|x86.ActiveCfg = Release|Any CPU
		{BDB7B544-9A3A-4848-8DCB-9084B6BEA0C7}.Release|x86.Build.0 = Release|Any CPU
		{27D77F5B-E364-4C38-9D7E-4D121FFC5916}.Debug|Any CPU.ActiveCfg = Debug|Any CPU
		{27D77F5B-E364-4C38-9D7E-4D121FFC5916}.Debug|Any CPU.Build.0 = Debug|Any CPU
		{27D77F5B-E364-4C38-9D7E-4D121FFC5916}.Debug|Mixed Platforms.ActiveCfg = Debug|Any CPU
		{27D77F5B-E364-4C38-9D7E-4D121FFC5916}.Debug|Mixed Platforms.Build.0 = Debug|Any CPU
		{27D77F5B-E364-4C38-9D7E-4D121FFC5916}.Debug|x64.ActiveCfg = Debug|Any CPU
		{27D77F5B-E364-4C38-9D7E-4D121FFC5916}.Debug|x64.Build.0 = Debug|Any CPU
		{27D77F5B-E364-4C38-9D7E-4D121FFC5916}.Debug|x86.ActiveCfg = Debug|Any CPU
		{27D77F5B-E364-4C38-9D7E-4D121FFC5916}.Debug|x86.Build.0 = Debug|Any CPU
		{27D77F5B-E364-4C38-9D7E-4D121FFC5916}.Release_With_logs|Any CPU.ActiveCfg = Release|Any CPU
		{27D77F5B-E364-4C38-9D7E-4D121FFC5916}.Release_With_logs|Any CPU.Build.0 = Release|Any CPU
		{27D77F5B-E364-4C38-9D7E-4D121FFC5916}.Release_With_logs|Mixed Platforms.ActiveCfg = Release|Any CPU
		{27D77F5B-E364-4C38-9D7E-4D121FFC5916}.Release_With_logs|Mixed Platforms.Build.0 = Release|Any CPU
		{27D77F5B-E364-4C38-9D7E-4D121FFC5916}.Release_With_logs|x64.ActiveCfg = Release|Any CPU
		{27D77F5B-E364-4C38-9D7E-4D121FFC5916}.Release_With_logs|x64.Build.0 = Release|Any CPU
		{27D77F5B-E364-4C38-9D7E-4D121FFC5916}.Release_With_logs|x86.ActiveCfg = Release|Any CPU
		{27D77F5B-E364-4C38-9D7E-4D121FFC5916}.Release_With_logs|x86.Build.0 = Release|Any CPU
		{27D77F5B-E364-4C38-9D7E-4D121FFC5916}.Release|Any CPU.ActiveCfg = Release|Any CPU
		{27D77F5B-E364-4C38-9D7E-4D121FFC5916}.Release|Any CPU.Build.0 = Release|Any CPU
		{27D77F5B-E364-4C38-9D7E-4D121FFC5916}.Release|Mixed Platforms.ActiveCfg = Release|Any CPU
		{27D77F5B-E364-4C38-9D7E-4D121FFC5916}.Release|Mixed Platforms.Build.0 = Release|Any CPU
		{27D77F5B-E364-4C38-9D7E-4D121FFC5916}.Release|x64.ActiveCfg = Release|Any CPU
		{27D77F5B-E364-4C38-9D7E-4D121FFC5916}.Release|x64.Build.0 = Release|Any CPU
		{27D77F5B-E364-4C38-9D7E-4D121FFC5916}.Release|x86.ActiveCfg = Release|Any CPU
		{27D77F5B-E364-4C38-9D7E-4D121FFC5916}.Release|x86.Build.0 = Release|Any CPU
		{79FB22A1-E4D0-4F30-9DE4-B824680FBB88}.Debug|Any CPU.ActiveCfg = Debug|Win32
		{79FB22A1-E4D0-4F30-9DE4-B824680FBB88}.Debug|Mixed Platforms.ActiveCfg = Debug|Win32
		{79FB22A1-E4D0-4F30-9DE4-B824680FBB88}.Debug|Mixed Platforms.Build.0 = Debug|Win32
		{79FB22A1-E4D0-4F30-9DE4-B824680FBB88}.Debug|x64.ActiveCfg = Debug|x64
		{79FB22A1-E4D0-4F30-9DE4-B824680FBB88}.Debug|x64.Build.0 = Debug|x64
		{79FB22A1-E4D0-4F30-9DE4-B824680FBB88}.Debug|x86.ActiveCfg = Debug|Win32
		{79FB22A1-E4D0-4F30-9DE4-B824680FBB88}.Debug|x86.Build.0 = Debug|Win32
		{79FB22A1-E4D0-4F30-9DE4-B824680FBB88}.Release_With_logs|Any CPU.ActiveCfg = Release|x64
		{79FB22A1-E4D0-4F30-9DE4-B824680FBB88}.Release_With_logs|Any CPU.Build.0 = Release|x64
		{79FB22A1-E4D0-4F30-9DE4-B824680FBB88}.Release_With_logs|Mixed Platforms.ActiveCfg = Release|Win32
		{79FB22A1-E4D0-4F30-9DE4-B824680FBB88}.Release_With_logs|Mixed Platforms.Build.0 = Release|Win32
		{79FB22A1-E4D0-4F30-9DE4-B824680FBB88}.Release_With_logs|x64.ActiveCfg = Release|x64
		{79FB22A1-E4D0-4F30-9DE4-B824680FBB88}.Release_With_logs|x64.Build.0 = Release|x64
		{79FB22A1-E4D0-4F30-9DE4-B824680FBB88}.Release_With_logs|x86.ActiveCfg = Release|Win32
		{79FB22A1-E4D0-4F30-9DE4-B824680FBB88}.Release_With_logs|x86.Build.0 = Release|Win32
		{79FB22A1-E4D0-4F30-9DE4-B824680FBB88}.Release|Any CPU.ActiveCfg = Release|Win32
		{79FB22A1-E4D0-4F30-9DE4-B824680FBB88}.Release|Mixed Platforms.ActiveCfg = Release|Win32
		{79FB22A1-E4D0-4F30-9DE4-B824680FBB88}.Release|Mixed Platforms.Build.0 = Release|Win32
		{79FB22A1-E4D0-4F30-9DE4-B824680FBB88}.Release|x64.ActiveCfg = Release|x64
		{79FB22A1-E4D0-4F30-9DE4-B824680FBB88}.Release|x64.Build.0 = Release|x64
		{79FB22A1-E4D0-4F30-9DE4-B824680FBB88}.Release|x86.ActiveCfg = Release|Win32
		{79FB22A1-E4D0-4F30-9DE4-B824680FBB88}.Release|x86.Build.0 = Release|Win32
		{168B1D50-4EBD-4431-9046-0F220ADA2691}.Debug|Any CPU.ActiveCfg = Debug|Any CPU
		{168B1D50-4EBD-4431-9046-0F220ADA2691}.Debug|Any CPU.Build.0 = Debug|Any CPU
		{168B1D50-4EBD-4431-9046-0F220ADA2691}.Debug|Mixed Platforms.ActiveCfg = Debug|Any CPU
		{168B1D50-4EBD-4431-9046-0F220ADA2691}.Debug|Mixed Platforms.Build.0 = Debug|Any CPU
		{168B1D50-4EBD-4431-9046-0F220ADA2691}.Debug|x64.ActiveCfg = Debug|Any CPU
		{168B1D50-4EBD-4431-9046-0F220ADA2691}.Debug|x64.Build.0 = Debug|Any CPU
		{168B1D50-4EBD-4431-9046-0F220ADA2691}.Debug|x86.ActiveCfg = Debug|Any CPU
		{168B1D50-4EBD-4431-9046-0F220ADA2691}.Debug|x86.Build.0 = Debug|Any CPU
		{168B1D50-4EBD-4431-9046-0F220ADA2691}.Release_With_logs|Any CPU.ActiveCfg = Release|Any CPU
		{168B1D50-4EBD-4431-9046-0F220ADA2691}.Release_With_logs|Any CPU.Build.0 = Release|Any CPU
		{168B1D50-4EBD-4431-9046-0F220ADA2691}.Release_With_logs|Mixed Platforms.ActiveCfg = Release|Any CPU
		{168B1D50-4EBD-4431-9046-0F220ADA2691}.Release_With_logs|Mixed Platforms.Build.0 = Release|Any CPU
		{168B1D50-4EBD-4431-9046-0F220ADA2691}.Release_With_logs|x64.ActiveCfg = Release|Any CPU
		{168B1D50-4EBD-4431-9046-0F220ADA2691}.Release_With_logs|x64.Build.0 = Release|Any CPU
		{168B1D50-4EBD-4431-9046-0F220ADA2691}.Release_With_logs|x86.ActiveCfg = Release|Any CPU
		{168B1D50-4EBD-4431-9046-0F220ADA2691}.Release_With_logs|x86.Build.0 = Release|Any CPU
		{168B1D50-4EBD-4431-9046-0F220ADA2691}.Release|Any CPU.ActiveCfg = Release|Any CPU
		{168B1D50-4EBD-4431-9046-0F220ADA2691}.Release|Any CPU.Build.0 = Release|Any CPU
		{168B1D50-4EBD-4431-9046-0F220ADA2691}.Release|Mixed Platforms.ActiveCfg = Release|Any CPU
		{168B1D50-4EBD-4431-9046-0F220ADA2691}.Release|Mixed Platforms.Build.0 = Release|Any CPU
		{168B1D50-4EBD-4431-9046-0F220ADA2691}.Release|x64.ActiveCfg = Release|Any CPU
		{168B1D50-4EBD-4431-9046-0F220ADA2691}.Release|x64.Build.0 = Release|Any CPU
		{168B1D50-4EBD-4431-9046-0F220ADA2691}.Release|x86.ActiveCfg = Release|Any CPU
		{168B1D50-4EBD-4431-9046-0F220ADA2691}.Release|x86.Build.0 = Release|Any CPU
		{67B4C3EB-882C-4405-A6B7-332BC6B5E3E5}.Debug|Any CPU.ActiveCfg = Debug|Any CPU
		{67B4C3EB-882C-4405-A6B7-332BC6B5E3E5}.Debug|Any CPU.Build.0 = Debug|Any CPU
		{67B4C3EB-882C-4405-A6B7-332BC6B5E3E5}.Debug|Mixed Platforms.ActiveCfg = Debug|x86
		{67B4C3EB-882C-4405-A6B7-332BC6B5E3E5}.Debug|Mixed Platforms.Build.0 = Debug|x86
		{67B4C3EB-882C-4405-A6B7-332BC6B5E3E5}.Debug|x64.ActiveCfg = Debug|x64
		{67B4C3EB-882C-4405-A6B7-332BC6B5E3E5}.Debug|x64.Build.0 = Debug|x64
		{67B4C3EB-882C-4405-A6B7-332BC6B5E3E5}.Debug|x86.ActiveCfg = Debug|x86
		{67B4C3EB-882C-4405-A6B7-332BC6B5E3E5}.Debug|x86.Build.0 = Debug|x86
		{67B4C3EB-882C-4405-A6B7-332BC6B5E3E5}.Release_With_logs|Any CPU.ActiveCfg = Release|Any CPU
		{67B4C3EB-882C-4405-A6B7-332BC6B5E3E5}.Release_With_logs|Any CPU.Build.0 = Release|Any CPU
		{67B4C3EB-882C-4405-A6B7-332BC6B5E3E5}.Release_With_logs|Mixed Platforms.ActiveCfg = Release|x86
		{67B4C3EB-882C-4405-A6B7-332BC6B5E3E5}.Release_With_logs|Mixed Platforms.Build.0 = Release|x86
		{67B4C3EB-882C-4405-A6B7-332BC6B5E3E5}.Release_With_logs|x64.ActiveCfg = Release|x64
		{67B4C3EB-882C-4405-A6B7-332BC6B5E3E5}.Release_With_logs|x64.Build.0 = Release|x64
		{67B4C3EB-882C-4405-A6B7-332BC6B5E3E5}.Release_With_logs|x86.ActiveCfg = Release|x86
		{67B4C3EB-882C-4405-A6B7-332BC6B5E3E5}.Release_With_logs|x86.Build.0 = Release|x86
		{67B4C3EB-882C-4405-A6B7-332BC6B5E3E5}.Release|Any CPU.ActiveCfg = Release|Any CPU
		{67B4C3EB-882C-4405-A6B7-332BC6B5E3E5}.Release|Any CPU.Build.0 = Release|Any CPU
		{67B4C3EB-882C-4405-A6B7-332BC6B5E3E5}.Release|Mixed Platforms.ActiveCfg = Release|x86
		{67B4C3EB-882C-4405-A6B7-332BC6B5E3E5}.Release|Mixed Platforms.Build.0 = Release|x86
		{67B4C3EB-882C-4405-A6B7-332BC6B5E3E5}.Release|x64.ActiveCfg = Release|x64
		{67B4C3EB-882C-4405-A6B7-332BC6B5E3E5}.Release|x64.Build.0 = Release|x64
		{67B4C3EB-882C-4405-A6B7-332BC6B5E3E5}.Release|x86.ActiveCfg = Release|x86
		{67B4C3EB-882C-4405-A6B7-332BC6B5E3E5}.Release|x86.Build.0 = Release|x86
		{DE1D12AE-A92A-4D99-8CD9-8B16FB57C478}.Debug|Any CPU.ActiveCfg = Debug|Win32
		{DE1D12AE-A92A-4D99-8CD9-8B16FB57C478}.Debug|Mixed Platforms.ActiveCfg = Debug|Win32
		{DE1D12AE-A92A-4D99-8CD9-8B16FB57C478}.Debug|Mixed Platforms.Build.0 = Debug|Win32
		{DE1D12AE-A92A-4D99-8CD9-8B16FB57C478}.Debug|x64.ActiveCfg = Debug|x64
		{DE1D12AE-A92A-4D99-8CD9-8B16FB57C478}.Debug|x64.Build.0 = Debug|x64
		{DE1D12AE-A92A-4D99-8CD9-8B16FB57C478}.Debug|x86.ActiveCfg = Debug|Win32
		{DE1D12AE-A92A-4D99-8CD9-8B16FB57C478}.Debug|x86.Build.0 = Debug|Win32
		{DE1D12AE-A92A-4D99-8CD9-8B16FB57C478}.Release_With_logs|Any CPU.ActiveCfg = Release|x64
		{DE1D12AE-A92A-4D99-8CD9-8B16FB57C478}.Release_With_logs|Any CPU.Build.0 = Release|x64
		{DE1D12AE-A92A-4D99-8CD9-8B16FB57C478}.Release_With_logs|Mixed Platforms.ActiveCfg = Release|Win32
		{DE1D12AE-A92A-4D99-8CD9-8B16FB57C478}.Release_With_logs|Mixed Platforms.Build.0 = Release|Win32
		{DE1D12AE-A92A-4D99-8CD9-8B16FB57C478}.Release_With_logs|x64.ActiveCfg = Release|x64
		{DE1D12AE-A92A-4D99-8CD9-8B16FB57C478}.Release_With_logs|x64.Build.0 = Release|x64
		{DE1D12AE-A92A-4D99-8CD9-8B16FB57C478}.Release_With_logs|x86.ActiveCfg = Release|Win32
		{DE1D12AE-A92A-4D99-8CD9-8B16FB57C478}.Release_With_logs|x86.Build.0 = Release|Win32
		{DE1D12AE-A92A-4D99-8CD9-8B16FB57C478}.Release|Any CPU.ActiveCfg = Release|Win32
		{DE1D12AE-A92A-4D99-8CD9-8B16FB57C478}.Release|Mixed Platforms.ActiveCfg = Release|Win32
		{DE1D12AE-A92A-4D99-8CD9-8B16FB57C478}.Release|Mixed Platforms.Build.0 = Release|Win32
		{DE1D12AE-A92A-4D99-8CD9-8B16FB57C478}.Release|x64.ActiveCfg = Release|x64
		{DE1D12AE-A92A-4D99-8CD9-8B16FB57C478}.Release|x64.Build.0 = Release|x64
		{DE1D12AE-A92A-4D99-8CD9-8B16FB57C478}.Release|x86.ActiveCfg = Release|Win32
		{DE1D12AE-A92A-4D99-8CD9-8B16FB57C478}.Release|x86.Build.0 = Release|Win32
	EndGlobalSection
	GlobalSection(SolutionProperties) = preSolution
		HideSolutionNode = FALSE
	EndGlobalSection
	GlobalSection(ExtensibilityGlobals) = postSolution
		SolutionGuid = {8C158481-D383-4918-A2E0-B7B98F1D3C16}
	EndGlobalSection
EndGlobal
